
Microsoft Visual Studio Solution File, Format Version 12.00
# Visual Studio 2012
Project("{FAE04EC0-301F-11D3-BF4B-00C04F79EFBC}") = "SpellingCorrector", "SpellingCorrector\SpellingCorrector.csproj", "{F9B7BAEF-C55B-4AA7-9068-F016A7FCDAAE}"
EndProject
Global
	GlobalSection(SolutionConfigurationPlatforms) = preSolution
		Debug|Any CPU = Debug|Any CPU
		Release|Any CPU = Release|Any CPU
	EndGlobalSection
	GlobalSection(ProjectConfigurationPlatforms) = postSolution
		{F9B7BAEF-C55B-4AA7-9068-F016A7FCDAAE}.Debug|Any CPU.ActiveCfg = Debug|Any CPU
		{F9B7BAEF-C55B-4AA7-9068-F016A7FCDAAE}.Debug|Any CPU.Build.0 = Debug|Any CPU
		{F9B7BAEF-C55B-4AA7-9068-F016A7FCDAAE}.Release|Any CPU.ActiveCfg = Release|Any CPU
		{F9B7BAEF-C55B-4AA7-9068-F016A7FCDAAE}.Release|Any CPU.Build.0 = Release|Any CPU
	EndGlobalSection
	GlobalSection(SolutionProperties) = preSolution
		HideSolutionNode = FALSE
	EndGlobalSection
EndGlobal
